
Microsoft Visual Studio Solution File, Format Version 12.00
# Visual Studio Version 17
VisualStudioVersion = 17.12.35514.174
MinimumVisualStudioVersion = 10.0.40219.1
Project("{2150E333-8FDC-42A3-9474-1A3956D46DE8}") = "01-TemelAracKullanimlari", "01-TemelAracKullanimlari", "{F6CD9328-7DC1-4AC3-948E-7E65D035AFDD}"
EndProject
Project("{FAE04EC0-301F-11D3-BF4B-00C04F79EFBC}") = "01-Arac_Kullanimlari", "01-TemelAracKullanimlari\01-Arac_Kullanimlari\01-Arac_Kullanimlari.csproj", "{188179B3-7FC2-43A7-92D2-52FC88653935}"
EndProject
Project("{FAE04EC0-301F-11D3-BF4B-00C04F79EFBC}") = "02-Ucus_Rezervasyon_Sistemi", "01-TemelAracKullanimlari\02-Ucus_Rezervasyon_Sistemi\02-Ucus_Rezervasyon_Sistemi.csproj", "{FE138E7B-7A6A-4C6C-9843-F7549A0260C4}"
EndProject
Project("{2150E333-8FDC-42A3-9474-1A3956D46DE8}") = "02-Degiskenler", "02-Degiskenler", "{86AF554C-950B-40D0-9990-5C6D82FB1EA8}"
EndProject
Project("{FAE04EC0-301F-11D3-BF4B-00C04F79EFBC}") = "01-Degiskenler_String", "02-Degiskenler\01-Degiskenler_String\01-Degiskenler_String.csproj", "{F0DA38E0-45B4-4554-9139-1D602C055634}"
EndProject
Project("{FAE04EC0-301F-11D3-BF4B-00C04F79EFBC}") = "02-Degiskenler_int", "02-Degiskenler\02-Degiskenler_int\02-Degiskenler_int.csproj", "{BF147ED1-3518-4E72-966B-5C16FD913A4F}"
EndProject
Project("{FAE04EC0-301F-11D3-BF4B-00C04F79EFBC}") = "04-Degiskenler_Double", "02-Degiskenler\04-Degiskenler_Double\04-Degiskenler_Double.csproj", "{3947A5A3-B724-437B-B7F1-1D9E8B70D90B}"
EndProject
Project("{FAE04EC0-301F-11D3-BF4B-00C04F79EFBC}") = "05-Degiskenler_Egzersiz_Double", "02-Degiskenler\05-Degiskenler_Egzersiz_Double\05-Degiskenler_Egzersiz_Double.csproj", "{7019C050-82BA-42FE-810A-AF6A38F40916}"
EndProject
Project("{FAE04EC0-301F-11D3-BF4B-00C04F79EFBC}") = "06-Degiskenler_Char", "02-Degiskenler\06-Degiskenler_Char\06-Degiskenler_Char.csproj", "{DFA0EAC0-DC63-4535-8FE6-BB5353FEB9AE}"
EndProject
Project("{FAE04EC0-301F-11D3-BF4B-00C04F79EFBC}") = "07-Sinema_Bufe_Satis", "02-Degiskenler\07-Sinema_Bufe_Satis\07-Sinema_Bufe_Satis.csproj", "{E8C0EB03-CF25-4E7D-B282-A2BB419E2F66}"
EndProject
Project("{FAE04EC0-301F-11D3-BF4B-00C04F79EFBC}") = "03-Degiskenler_Dort_islem", "02-Degiskenler\03-Degiskenler_Dort_islem\03-Degiskenler_Dort_islem.csproj", "{BAA8F674-D49E-47AD-8BFF-101FDD4B575E}"
EndProject
Project("{2150E333-8FDC-42A3-9474-1A3956D46DE8}") = "03-KararYapilari", "03-KararYapilari", "{F2174CA9-0F8F-4007-8BE3-01455CAD244A}"
EndProject
Project("{FAE04EC0-301F-11D3-BF4B-00C04F79EFBC}") = "01-Karar_Yapilari", "03-KararYapilari\01-Karar_Yapilari\01-Karar_Yapilari.csproj", "{83B0FFA3-9425-4218-9AA3-A2BFE9E29BC3}"
EndProject
Project("{FAE04EC0-301F-11D3-BF4B-00C04F79EFBC}") = "02-Karar_Yapilar_Egzersiz", "03-KararYapilari\02-Karar_Yapilar_Egzersiz\02-Karar_Yapilar_Egzersiz.csproj", "{D1D782FE-F7D8-44B3-99AE-9E51970442DD}"
EndProject
Project("{FAE04EC0-301F-11D3-BF4B-00C04F79EFBC}") = "03-Karar_Yapilari_Pratik", "03-KararYapilari\03-Karar_Yapilari_Pratik\03-Karar_Yapilari_Pratik.csproj", "{3666AA2C-72E8-41D8-AC50-AF80A4E505C9}"
EndProject
Project("{FAE04EC0-301F-11D3-BF4B-00C04F79EFBC}") = "04-Switch_Case", "03-KararYapilari\04-Switch_Case\04-Switch_Case.csproj", "{93A67062-7A81-4319-8A94-8FB2C35B4EF7}"
EndProject
Project("{FAE04EC0-301F-11D3-BF4B-00C04F79EFBC}") = "05-Bilgi_Yarismasi", "03-KararYapilari\05-Bilgi_Yarismasi\05-Bilgi_Yarismasi.csproj", "{4A8684C8-9F94-4496-9A2B-A9142268731D}"
EndProject
Project("{2150E333-8FDC-42A3-9474-1A3956D46DE8}") = "04-Donguler", "04-Donguler", "{B9D64D74-E05A-4C89-AD7D-B6BBC49730D9}"
EndProject
Project("{FAE04EC0-301F-11D3-BF4B-00C04F79EFBC}") = "01-Donguler", "04-Donguler\01-Donguler\01-Donguler.csproj", "{2EC9405D-1228-4AC9-9A2F-83F5C697C258}"
EndProject
Project("{FAE04EC0-301F-11D3-BF4B-00C04F79EFBC}") = "02-Donguler_Pratik", "04-Donguler\02-Donguler_Pratik\02-Donguler_Pratik.csproj", "{7706C1B2-4453-4CF9-9192-BA3806B76223}"
EndProject
Project("{FAE04EC0-301F-11D3-BF4B-00C04F79EFBC}") = "03-Donguler_While", "04-Donguler\03-Donguler_While\03-Donguler_While.csproj", "{DAD71267-BACD-4CF3-88B2-2812956950EB}"
EndProject
Project("{FAE04EC0-301F-11D3-BF4B-00C04F79EFBC}") = "04-Do_While", "04-Donguler\04-Do_While\04-Do_While.csproj", "{2CBBF786-1A7E-4F5E-ADBF-28324AB2F0CC}"
EndProject
Project("{FAE04EC0-301F-11D3-BF4B-00C04F79EFBC}") = "05-Timer", "04-Donguler\05-Timer\05-Timer.csproj", "{B472517F-19A7-432D-9A97-2F3E42CFD473}"
EndProject
Project("{FAE04EC0-301F-11D3-BF4B-00C04F79EFBC}") = "06-Timer_2", "04-Donguler\06-Timer_2\06-Timer_2.csproj", "{56AAB308-1311-41B7-93D9-4239096EBE0E}"
EndProject
Project("{FAE04EC0-301F-11D3-BF4B-00C04F79EFBC}") = "07-ProgressBar", "04-Donguler\07-ProgressBar\07-ProgressBar.csproj", "{FE10B995-1B00-4EF9-9043-C9CDA6FE4BC3}"
EndProject
Project("{FAE04EC0-301F-11D3-BF4B-00C04F79EFBC}") = "08-Donguler_Timer", "04-Donguler\08-Donguler_Timer\08-Donguler_Timer.csproj", "{6FAB515C-CCCE-4C24-A0B4-45B895821F9C}"
EndProject
Project("{2150E333-8FDC-42A3-9474-1A3956D46DE8}") = "05-Diziler", "05-Diziler", "{DD9EA523-3F4B-4D2C-B3D8-C00A106F1B16}"
EndProject
Project("{FAE04EC0-301F-11D3-BF4B-00C04F79EFBC}") = "01-Diziler", "05-Diziler\01-Diziler\01-Diziler.csproj", "{8F3722B8-A9A5-40B5-8957-D0CD8881F5BF}"
EndProject
Project("{FAE04EC0-301F-11D3-BF4B-00C04F79EFBC}") = "02-Foreach", "05-Diziler\02-Foreach\02-Foreach.csproj", "{F463CAEE-0406-4EA5-982A-4075848D106A}"
EndProject
Project("{2150E333-8FDC-42A3-9474-1A3956D46DE8}") = "06-Metotlar", "06-Metotlar", "{CD252D0E-EB16-451F-B2B5-85E01E02D345}"
EndProject
Project("{FAE04EC0-301F-11D3-BF4B-00C04F79EFBC}") = "01-Metotlar", "06-Metotlar\01-Metotlar\01-Metotlar.csproj", "{B68000B9-80B0-4915-83FA-F4D466449F67}"
EndProject
Project("{FAE04EC0-301F-11D3-BF4B-00C04F79EFBC}") = "02-Return_Metot", "06-Metotlar\02-Return_Metot\02-Return_Metot.csproj", "{FC5FCB53-E324-4C95-BD9D-C990A4345575}"
EndProject
Project("{2150E333-8FDC-42A3-9474-1A3956D46DE8}") = "07-Siniflar", "07-Siniflar", "{26B7B6C9-D32C-4F3D-8430-4DDE578E85BC}"
EndProject
Project("{FAE04EC0-301F-11D3-BF4B-00C04F79EFBC}") = "01-Sinif_Ornek", "07-Siniflar\01-Sinif_Ornek\01-Sinif_Ornek.csproj", "{434C2644-256E-4A0E-A439-79BB664DF6F9}"
EndProject
Project("{FAE04EC0-301F-11D3-BF4B-00C04F79EFBC}") = "02-Ornek_Console", "07-Siniflar\02-Ornek_Console\02-Ornek_Console.csproj", "{5818EAD2-EA9E-4D46-AAAF-229680DD1247}"
EndProject
Project("{2150E333-8FDC-42A3-9474-1A3956D46DE8}") = "08-EkstraAraclar", "08-EkstraAraclar", "{719717E1-2A19-4F64-8399-8A65496972F3}"
EndProject
Project("{FAE04EC0-301F-11D3-BF4B-00C04F79EFBC}") = "01-MenuStrip_Kullanimi", "08-EkstraAraclar\01-MenuStrip_Kullanimi\01-MenuStrip_Kullanimi.csproj", "{A1C7CEE5-AAE1-4CCB-9438-8B673747CF68}"
EndProject
Project("{FAE04EC0-301F-11D3-BF4B-00C04F79EFBC}") = "02-Chart_Grafik", "08-EkstraAraclar\02-Chart_Grafik\02-Chart_Grafik.csproj", "{1D2080CE-9630-489C-ACD3-DAE2E51918B8}"
EndProject
Project("{FAE04EC0-301F-11D3-BF4B-00C04F79EFBC}") = "03-Ekstra_Araclar", "08-EkstraAraclar\03-Ekstra_Araclar\03-Ekstra_Araclar.csproj", "{181FCBB3-E991-4253-BE83-E067FAD1AD85}"
EndProject
Project("{2150E333-8FDC-42A3-9474-1A3956D46DE8}") = "09-EkstraYapilar", "09-EkstraYapilar", "{679697AE-502D-4BE1-9FE8-656437152B6A}"
EndProject
Project("{FAE04EC0-301F-11D3-BF4B-00C04F79EFBC}") = "01-RandomKullanimi", "09-EkstraYapilar\01-RandomKullanimi\01-RandomKullanimi.csproj", "{E4706E3B-FDE9-4E28-B95E-5803ACA76F77}"
EndProject
Project("{FAE04EC0-301F-11D3-BF4B-00C04F79EFBC}") = "02-Captcha", "09-EkstraYapilar\02-Captcha\02-Captcha.csproj", "{89D9AA73-089E-4C6B-A07C-ADCCFFC84D72}"
EndProject
Project("{FAE04EC0-301F-11D3-BF4B-00C04F79EFBC}") = "03-FormlarArasi_VeriTasima", "09-EkstraYapilar\03-FormlarArasi_VeriTasima\03-FormlarArasi_VeriTasima.csproj", "{E568B3B6-EF14-4BD6-97B6-454C4EFBCE9C}"
EndProject
Project("{FAE04EC0-301F-11D3-BF4B-00C04F79EFBC}") = "04-Point", "09-EkstraYapilar\04-Point\04-Point.csproj", "{DE3ADD43-A33E-4843-B9CA-CEC6AA92850C}"
EndProject
Project("{FAE04EC0-301F-11D3-BF4B-00C04F79EFBC}") = "05-Enum", "09-EkstraYapilar\05-Enum\05-Enum.csproj", "{6B258162-66B0-4D0F-BF41-77444E30E7B9}"
EndProject
Project("{FAE04EC0-301F-11D3-BF4B-00C04F79EFBC}") = "06-Matematik_Fonksiyonlari", "09-EkstraYapilar\06-Matematik_Fonksiyonlari\06-Matematik_Fonksiyonlari.csproj", "{4467F386-98D2-4CD3-B361-EC29F965D6F6}"
EndProject
Project("{FAE04EC0-301F-11D3-BF4B-00C04F79EFBC}") = "07-Dinamik_Araclar", "09-EkstraYapilar\07-Dinamik_Araclar\07-Dinamik_Araclar.csproj", "{E088BA41-4B48-4148-9F29-0234B82059B6}"
EndProject
Project("{2150E333-8FDC-42A3-9474-1A3956D46DE8}") = "10-VeriTabaniSQL", "10-VeriTabaniSQL", "{658E5DCD-46D2-491C-A0DA-D8A95B01FA2D}"
EndProject
Project("{FAE04EC0-301F-11D3-BF4B-00C04F79EFBC}") = "01-Personel_Kayit", "10-VeriTabaniSQL\01-Personel_Kayit\01-Personel_Kayit.csproj", "{63106F7F-EE21-47F1-AD55-D657539AE117}"
EndProject
Project("{2150E333-8FDC-42A3-9474-1A3956D46DE8}") = "11-DosyaIslemleri", "11-DosyaIslemleri", "{F9D1E659-D80E-4774-A9E4-6514441F0C49}"
EndProject
Project("{FAE04EC0-301F-11D3-BF4B-00C04F79EFBC}") = "01-Dosya_Klasor", "11-DosyaIslemleri\01-Dosya_Klasor\01-Dosya_Klasor.csproj", "{7B76FCF1-0CF9-4732-BF5C-23FDA83E783C}"
EndProject
Project("{FAE04EC0-301F-11D3-BF4B-00C04F79EFBC}") = "02-Metin_Belgesi", "11-DosyaIslemleri\02-Metin_Belgesi\02-Metin_Belgesi.csproj", "{194CC676-B8C5-491E-A3B4-27E4C8A3A527}"
EndProject
Project("{FAE04EC0-301F-11D3-BF4B-00C04F79EFBC}") = "03-Metin_Belgesi_Okuma", "11-DosyaIslemleri\03-Metin_Belgesi_Okuma\03-Metin_Belgesi_Okuma.csproj", "{3CD4C709-C52D-4B61-B4A1-5D5E2C6F618B}"
EndProject
Project("{FAE04EC0-301F-11D3-BF4B-00C04F79EFBC}") = "04-Metin_Belgesi_Kayit", "11-DosyaIslemleri\04-Metin_Belgesi_Kayit\04-Metin_Belgesi_Kayit.csproj", "{7EB7ACDC-66B3-4300-B6D6-303AE39F0870}"
EndProject
Project("{2150E333-8FDC-42A3-9474-1A3956D46DE8}") = "12-HastaneYonetim&RandevuSistemi", "12-HastaneYonetim&RandevuSistemi", "{B5895C79-90DC-4F23-B8F5-C9EC95A95ECC}"
EndProject
Project("{FAE04EC0-301F-11D3-BF4B-00C04F79EFBC}") = "Proje_Hastane", "12-HastaneYonetim&RandevuSistemi\Proje_Hastane\Proje_Hastane.csproj", "{C043E37D-20EB-4996-9405-F310623C7633}"
EndProject
Project("{2150E333-8FDC-42A3-9474-1A3956D46DE8}") = "13-AccessVeriTabani", "13-AccessVeriTabani", "{8DA7CA33-320C-41BA-9A31-21D6E2F0C623}"
EndProject
Project("{FAE04EC0-301F-11D3-BF4B-00C04F79EFBC}") = "01-Kitaplik_Proje", "13-AccessVeriTabani\01-Kitaplik_Proje\01-Kitaplik_Proje.csproj", "{16F59559-FA1D-4DB1-9544-D54FE6775C4F}"
EndProject
Project("{2150E333-8FDC-42A3-9474-1A3956D46DE8}") = "14-HataKontrolleri", "14-HataKontrolleri", "{AA1FB096-A00C-4F8F-93C5-CDC457A5A480}"
EndProject
Project("{FAE04EC0-301F-11D3-BF4B-00C04F79EFBC}") = "01-Proje_Ornekleri", "14-HataKontrolleri\01-Proje_Ornekleri\01-Proje_Ornekleri.csproj", "{E61D8175-EB1E-4307-A08E-6EBC2DC1A06E}"
EndProject
Project("{FAE04EC0-301F-11D3-BF4B-00C04F79EFBC}") = "02-Exception_Ornekleri", "14-HataKontrolleri\02-Exception_Ornekleri\02-Exception_Ornekleri.csproj", "{D18D5274-399B-4711-B27B-BB321ABE2FA6}"
EndProject
Project("{FAE04EC0-301F-11D3-BF4B-00C04F79EFBC}") = "03-Finally", "14-HataKontrolleri\03-Finally\03-Finally.csproj", "{CC541409-2C26-4D92-9EED-02E7A85B212C}"
EndProject
Project("{2150E333-8FDC-42A3-9474-1A3956D46DE8}") = "15-OrnekProje-IliskiliTablolarveEOkulBenzeriUygulama", "15-OrnekProje-IliskiliTablolarveEOkulBenzeriUygulama", "{AE7082CA-6807-48D4-9892-6CC4439B25E5}"
EndProject
Project("{FAE04EC0-301F-11D3-BF4B-00C04F79EFBC}") = "OkulProje", "15-OrnekProje-IliskiliTablolarveEOkulBenzeriUygulama\OkulProje\OkulProje.csproj", "{14CF0248-3C52-4DA7-B339-8A1E3CAB0393}"
EndProject
Global
	GlobalSection(SolutionConfigurationPlatforms) = preSolution
		Debug|Any CPU = Debug|Any CPU
		Release|Any CPU = Release|Any CPU
	EndGlobalSection
	GlobalSection(ProjectConfigurationPlatforms) = postSolution
		{188179B3-7FC2-43A7-92D2-52FC88653935}.Debug|Any CPU.ActiveCfg = Debug|Any CPU
		{188179B3-7FC2-43A7-92D2-52FC88653935}.Debug|Any CPU.Build.0 = Debug|Any CPU
		{188179B3-7FC2-43A7-92D2-52FC88653935}.Release|Any CPU.ActiveCfg = Release|Any CPU
		{188179B3-7FC2-43A7-92D2-52FC88653935}.Release|Any CPU.Build.0 = Release|Any CPU
		{FE138E7B-7A6A-4C6C-9843-F7549A0260C4}.Debug|Any CPU.ActiveCfg = Debug|Any CPU
		{FE138E7B-7A6A-4C6C-9843-F7549A0260C4}.Debug|Any CPU.Build.0 = Debug|Any CPU
		{FE138E7B-7A6A-4C6C-9843-F7549A0260C4}.Release|Any CPU.ActiveCfg = Release|Any CPU
		{FE138E7B-7A6A-4C6C-9843-F7549A0260C4}.Release|Any CPU.Build.0 = Release|Any CPU
		{F0DA38E0-45B4-4554-9139-1D602C055634}.Debug|Any CPU.ActiveCfg = Debug|Any CPU
		{F0DA38E0-45B4-4554-9139-1D602C055634}.Debug|Any CPU.Build.0 = Debug|Any CPU
		{F0DA38E0-45B4-4554-9139-1D602C055634}.Release|Any CPU.ActiveCfg = Release|Any CPU
		{F0DA38E0-45B4-4554-9139-1D602C055634}.Release|Any CPU.Build.0 = Release|Any CPU
		{BF147ED1-3518-4E72-966B-5C16FD913A4F}.Debug|Any CPU.ActiveCfg = Debug|Any CPU
		{BF147ED1-3518-4E72-966B-5C16FD913A4F}.Debug|Any CPU.Build.0 = Debug|Any CPU
		{BF147ED1-3518-4E72-966B-5C16FD913A4F}.Release|Any CPU.ActiveCfg = Release|Any CPU
		{BF147ED1-3518-4E72-966B-5C16FD913A4F}.Release|Any CPU.Build.0 = Release|Any CPU
		{3947A5A3-B724-437B-B7F1-1D9E8B70D90B}.Debug|Any CPU.ActiveCfg = Debug|Any CPU
		{3947A5A3-B724-437B-B7F1-1D9E8B70D90B}.Debug|Any CPU.Build.0 = Debug|Any CPU
		{3947A5A3-B724-437B-B7F1-1D9E8B70D90B}.Release|Any CPU.ActiveCfg = Release|Any CPU
		{3947A5A3-B724-437B-B7F1-1D9E8B70D90B}.Release|Any CPU.Build.0 = Release|Any CPU
		{7019C050-82BA-42FE-810A-AF6A38F40916}.Debug|Any CPU.ActiveCfg = Debug|Any CPU
		{7019C050-82BA-42FE-810A-AF6A38F40916}.Debug|Any CPU.Build.0 = Debug|Any CPU
		{7019C050-82BA-42FE-810A-AF6A38F40916}.Release|Any CPU.ActiveCfg = Release|Any CPU
		{7019C050-82BA-42FE-810A-AF6A38F40916}.Release|Any CPU.Build.0 = Release|Any CPU
		{DFA0EAC0-DC63-4535-8FE6-BB5353FEB9AE}.Debug|Any CPU.ActiveCfg = Debug|Any CPU
		{DFA0EAC0-DC63-4535-8FE6-BB5353FEB9AE}.Debug|Any CPU.Build.0 = Debug|Any CPU
		{DFA0EAC0-DC63-4535-8FE6-BB5353FEB9AE}.Release|Any CPU.ActiveCfg = Release|Any CPU
		{DFA0EAC0-DC63-4535-8FE6-BB5353FEB9AE}.Release|Any CPU.Build.0 = Release|Any CPU
		{E8C0EB03-CF25-4E7D-B282-A2BB419E2F66}.Debug|Any CPU.ActiveCfg = Debug|Any CPU
		{E8C0EB03-CF25-4E7D-B282-A2BB419E2F66}.Debug|Any CPU.Build.0 = Debug|Any CPU
		{E8C0EB03-CF25-4E7D-B282-A2BB419E2F66}.Release|Any CPU.ActiveCfg = Release|Any CPU
		{E8C0EB03-CF25-4E7D-B282-A2BB419E2F66}.Release|Any CPU.Build.0 = Release|Any CPU
		{BAA8F674-D49E-47AD-8BFF-101FDD4B575E}.Debug|Any CPU.ActiveCfg = Debug|Any CPU
		{BAA8F674-D49E-47AD-8BFF-101FDD4B575E}.Debug|Any CPU.Build.0 = Debug|Any CPU
		{BAA8F674-D49E-47AD-8BFF-101FDD4B575E}.Release|Any CPU.ActiveCfg = Release|Any CPU
		{BAA8F674-D49E-47AD-8BFF-101FDD4B575E}.Release|Any CPU.Build.0 = Release|Any CPU
		{83B0FFA3-9425-4218-9AA3-A2BFE9E29BC3}.Debug|Any CPU.ActiveCfg = Debug|Any CPU
		{83B0FFA3-9425-4218-9AA3-A2BFE9E29BC3}.Debug|Any CPU.Build.0 = Debug|Any CPU
		{83B0FFA3-9425-4218-9AA3-A2BFE9E29BC3}.Release|Any CPU.ActiveCfg = Release|Any CPU
		{83B0FFA3-9425-4218-9AA3-A2BFE9E29BC3}.Release|Any CPU.Build.0 = Release|Any CPU
		{D1D782FE-F7D8-44B3-99AE-9E51970442DD}.Debug|Any CPU.ActiveCfg = Debug|Any CPU
		{D1D782FE-F7D8-44B3-99AE-9E51970442DD}.Debug|Any CPU.Build.0 = Debug|Any CPU
		{D1D782FE-F7D8-44B3-99AE-9E51970442DD}.Release|Any CPU.ActiveCfg = Release|Any CPU
		{D1D782FE-F7D8-44B3-99AE-9E51970442DD}.Release|Any CPU.Build.0 = Release|Any CPU
		{3666AA2C-72E8-41D8-AC50-AF80A4E505C9}.Debug|Any CPU.ActiveCfg = Debug|Any CPU
		{3666AA2C-72E8-41D8-AC50-AF80A4E505C9}.Debug|Any CPU.Build.0 = Debug|Any CPU
		{3666AA2C-72E8-41D8-AC50-AF80A4E505C9}.Release|Any CPU.ActiveCfg = Release|Any CPU
		{3666AA2C-72E8-41D8-AC50-AF80A4E505C9}.Release|Any CPU.Build.0 = Release|Any CPU
		{93A67062-7A81-4319-8A94-8FB2C35B4EF7}.Debug|Any CPU.ActiveCfg = Debug|Any CPU
		{93A67062-7A81-4319-8A94-8FB2C35B4EF7}.Debug|Any CPU.Build.0 = Debug|Any CPU
		{93A67062-7A81-4319-8A94-8FB2C35B4EF7}.Release|Any CPU.ActiveCfg = Release|Any CPU
		{93A67062-7A81-4319-8A94-8FB2C35B4EF7}.Release|Any CPU.Build.0 = Release|Any CPU
		{4A8684C8-9F94-4496-9A2B-A9142268731D}.Debug|Any CPU.ActiveCfg = Debug|Any CPU
		{4A8684C8-9F94-4496-9A2B-A9142268731D}.Debug|Any CPU.Build.0 = Debug|Any CPU
		{4A8684C8-9F94-4496-9A2B-A9142268731D}.Release|Any CPU.ActiveCfg = Release|Any CPU
		{4A8684C8-9F94-4496-9A2B-A9142268731D}.Release|Any CPU.Build.0 = Release|Any CPU
		{2EC9405D-1228-4AC9-9A2F-83F5C697C258}.Debug|Any CPU.ActiveCfg = Debug|Any CPU
		{2EC9405D-1228-4AC9-9A2F-83F5C697C258}.Debug|Any CPU.Build.0 = Debug|Any CPU
		{2EC9405D-1228-4AC9-9A2F-83F5C697C258}.Release|Any CPU.ActiveCfg = Release|Any CPU
		{2EC9405D-1228-4AC9-9A2F-83F5C697C258}.Release|Any CPU.Build.0 = Release|Any CPU
		{7706C1B2-4453-4CF9-9192-BA3806B76223}.Debug|Any CPU.ActiveCfg = Debug|Any CPU
		{7706C1B2-4453-4CF9-9192-BA3806B76223}.Debug|Any CPU.Build.0 = Debug|Any CPU
		{7706C1B2-4453-4CF9-9192-BA3806B76223}.Release|Any CPU.ActiveCfg = Release|Any CPU
		{7706C1B2-4453-4CF9-9192-BA3806B76223}.Release|Any CPU.Build.0 = Release|Any CPU
		{DAD71267-BACD-4CF3-88B2-2812956950EB}.Debug|Any CPU.ActiveCfg = Debug|Any CPU
		{DAD71267-BACD-4CF3-88B2-2812956950EB}.Debug|Any CPU.Build.0 = Debug|Any CPU
		{DAD71267-BACD-4CF3-88B2-2812956950EB}.Release|Any CPU.ActiveCfg = Release|Any CPU
		{DAD71267-BACD-4CF3-88B2-2812956950EB}.Release|Any CPU.Build.0 = Release|Any CPU
		{2CBBF786-1A7E-4F5E-ADBF-28324AB2F0CC}.Debug|Any CPU.ActiveCfg = Debug|Any CPU
		{2CBBF786-1A7E-4F5E-ADBF-28324AB2F0CC}.Debug|Any CPU.Build.0 = Debug|Any CPU
		{2CBBF786-1A7E-4F5E-ADBF-28324AB2F0CC}.Release|Any CPU.ActiveCfg = Release|Any CPU
		{2CBBF786-1A7E-4F5E-ADBF-28324AB2F0CC}.Release|Any CPU.Build.0 = Release|Any CPU
		{B472517F-19A7-432D-9A97-2F3E42CFD473}.Debug|Any CPU.ActiveCfg = Debug|Any CPU
		{B472517F-19A7-432D-9A97-2F3E42CFD473}.Debug|Any CPU.Build.0 = Debug|Any CPU
		{B472517F-19A7-432D-9A97-2F3E42CFD473}.Release|Any CPU.ActiveCfg = Release|Any CPU
		{B472517F-19A7-432D-9A97-2F3E42CFD473}.Release|Any CPU.Build.0 = Release|Any CPU
		{56AAB308-1311-41B7-93D9-4239096EBE0E}.Debug|Any CPU.ActiveCfg = Debug|Any CPU
		{56AAB308-1311-41B7-93D9-4239096EBE0E}.Debug|Any CPU.Build.0 = Debug|Any CPU
		{56AAB308-1311-41B7-93D9-4239096EBE0E}.Release|Any CPU.ActiveCfg = Release|Any CPU
		{56AAB308-1311-41B7-93D9-4239096EBE0E}.Release|Any CPU.Build.0 = Release|Any CPU
		{FE10B995-1B00-4EF9-9043-C9CDA6FE4BC3}.Debug|Any CPU.ActiveCfg = Debug|Any CPU
		{FE10B995-1B00-4EF9-9043-C9CDA6FE4BC3}.Debug|Any CPU.Build.0 = Debug|Any CPU
		{FE10B995-1B00-4EF9-9043-C9CDA6FE4BC3}.Release|Any CPU.ActiveCfg = Release|Any CPU
		{FE10B995-1B00-4EF9-9043-C9CDA6FE4BC3}.Release|Any CPU.Build.0 = Release|Any CPU
		{6FAB515C-CCCE-4C24-A0B4-45B895821F9C}.Debug|Any CPU.ActiveCfg = Debug|Any CPU
		{6FAB515C-CCCE-4C24-A0B4-45B895821F9C}.Debug|Any CPU.Build.0 = Debug|Any CPU
		{6FAB515C-CCCE-4C24-A0B4-45B895821F9C}.Release|Any CPU.ActiveCfg = Release|Any CPU
		{6FAB515C-CCCE-4C24-A0B4-45B895821F9C}.Release|Any CPU.Build.0 = Release|Any CPU
		{8F3722B8-A9A5-40B5-8957-D0CD8881F5BF}.Debug|Any CPU.ActiveCfg = Debug|Any CPU
		{8F3722B8-A9A5-40B5-8957-D0CD8881F5BF}.Debug|Any CPU.Build.0 = Debug|Any CPU
		{8F3722B8-A9A5-40B5-8957-D0CD8881F5BF}.Release|Any CPU.ActiveCfg = Release|Any CPU
		{8F3722B8-A9A5-40B5-8957-D0CD8881F5BF}.Release|Any CPU.Build.0 = Release|Any CPU
		{F463CAEE-0406-4EA5-982A-4075848D106A}.Debug|Any CPU.ActiveCfg = Debug|Any CPU
		{F463CAEE-0406-4EA5-982A-4075848D106A}.Debug|Any CPU.Build.0 = Debug|Any CPU
		{F463CAEE-0406-4EA5-982A-4075848D106A}.Release|Any CPU.ActiveCfg = Release|Any CPU
		{F463CAEE-0406-4EA5-982A-4075848D106A}.Release|Any CPU.Build.0 = Release|Any CPU
		{B68000B9-80B0-4915-83FA-F4D466449F67}.Debug|Any CPU.ActiveCfg = Debug|Any CPU
		{B68000B9-80B0-4915-83FA-F4D466449F67}.Debug|Any CPU.Build.0 = Debug|Any CPU
		{B68000B9-80B0-4915-83FA-F4D466449F67}.Release|Any CPU.ActiveCfg = Release|Any CPU
		{B68000B9-80B0-4915-83FA-F4D466449F67}.Release|Any CPU.Build.0 = Release|Any CPU
		{FC5FCB53-E324-4C95-BD9D-C990A4345575}.Debug|Any CPU.ActiveCfg = Debug|Any CPU
		{FC5FCB53-E324-4C95-BD9D-C990A4345575}.Debug|Any CPU.Build.0 = Debug|Any CPU
		{FC5FCB53-E324-4C95-BD9D-C990A4345575}.Release|Any CPU.ActiveCfg = Release|Any CPU
		{FC5FCB53-E324-4C95-BD9D-C990A4345575}.Release|Any CPU.Build.0 = Release|Any CPU
		{434C2644-256E-4A0E-A439-79BB664DF6F9}.Debug|Any CPU.ActiveCfg = Debug|Any CPU
		{434C2644-256E-4A0E-A439-79BB664DF6F9}.Debug|Any CPU.Build.0 = Debug|Any CPU
		{434C2644-256E-4A0E-A439-79BB664DF6F9}.Release|Any CPU.ActiveCfg = Release|Any CPU
		{434C2644-256E-4A0E-A439-79BB664DF6F9}.Release|Any CPU.Build.0 = Release|Any CPU
		{5818EAD2-EA9E-4D46-AAAF-229680DD1247}.Debug|Any CPU.ActiveCfg = Debug|Any CPU
		{5818EAD2-EA9E-4D46-AAAF-229680DD1247}.Debug|Any CPU.Build.0 = Debug|Any CPU
		{5818EAD2-EA9E-4D46-AAAF-229680DD1247}.Release|Any CPU.ActiveCfg = Release|Any CPU
		{5818EAD2-EA9E-4D46-AAAF-229680DD1247}.Release|Any CPU.Build.0 = Release|Any CPU
		{A1C7CEE5-AAE1-4CCB-9438-8B673747CF68}.Debug|Any CPU.ActiveCfg = Debug|Any CPU
		{A1C7CEE5-AAE1-4CCB-9438-8B673747CF68}.Debug|Any CPU.Build.0 = Debug|Any CPU
		{A1C7CEE5-AAE1-4CCB-9438-8B673747CF68}.Release|Any CPU.ActiveCfg = Release|Any CPU
		{A1C7CEE5-AAE1-4CCB-9438-8B673747CF68}.Release|Any CPU.Build.0 = Release|Any CPU
		{1D2080CE-9630-489C-ACD3-DAE2E51918B8}.Debug|Any CPU.ActiveCfg = Debug|Any CPU
		{1D2080CE-9630-489C-ACD3-DAE2E51918B8}.Debug|Any CPU.Build.0 = Debug|Any CPU
		{1D2080CE-9630-489C-ACD3-DAE2E51918B8}.Release|Any CPU.ActiveCfg = Release|Any CPU
		{1D2080CE-9630-489C-ACD3-DAE2E51918B8}.Release|Any CPU.Build.0 = Release|Any CPU
		{181FCBB3-E991-4253-BE83-E067FAD1AD85}.Debug|Any CPU.ActiveCfg = Debug|Any CPU
		{181FCBB3-E991-4253-BE83-E067FAD1AD85}.Debug|Any CPU.Build.0 = Debug|Any CPU
		{181FCBB3-E991-4253-BE83-E067FAD1AD85}.Release|Any CPU.ActiveCfg = Release|Any CPU
		{181FCBB3-E991-4253-BE83-E067FAD1AD85}.Release|Any CPU.Build.0 = Release|Any CPU
		{E4706E3B-FDE9-4E28-B95E-5803ACA76F77}.Debug|Any CPU.ActiveCfg = Debug|Any CPU
		{E4706E3B-FDE9-4E28-B95E-5803ACA76F77}.Debug|Any CPU.Build.0 = Debug|Any CPU
		{E4706E3B-FDE9-4E28-B95E-5803ACA76F77}.Release|Any CPU.ActiveCfg = Release|Any CPU
		{E4706E3B-FDE9-4E28-B95E-5803ACA76F77}.Release|Any CPU.Build.0 = Release|Any CPU
		{89D9AA73-089E-4C6B-A07C-ADCCFFC84D72}.Debug|Any CPU.ActiveCfg = Debug|Any CPU
		{89D9AA73-089E-4C6B-A07C-ADCCFFC84D72}.Debug|Any CPU.Build.0 = Debug|Any CPU
		{89D9AA73-089E-4C6B-A07C-ADCCFFC84D72}.Release|Any CPU.ActiveCfg = Release|Any CPU
		{89D9AA73-089E-4C6B-A07C-ADCCFFC84D72}.Release|Any CPU.Build.0 = Release|Any CPU
		{E568B3B6-EF14-4BD6-97B6-454C4EFBCE9C}.Debug|Any CPU.ActiveCfg = Debug|Any CPU
		{E568B3B6-EF14-4BD6-97B6-454C4EFBCE9C}.Debug|Any CPU.Build.0 = Debug|Any CPU
		{E568B3B6-EF14-4BD6-97B6-454C4EFBCE9C}.Release|Any CPU.ActiveCfg = Release|Any CPU
		{E568B3B6-EF14-4BD6-97B6-454C4EFBCE9C}.Release|Any CPU.Build.0 = Release|Any CPU
		{DE3ADD43-A33E-4843-B9CA-CEC6AA92850C}.Debug|Any CPU.ActiveCfg = Debug|Any CPU
		{DE3ADD43-A33E-4843-B9CA-CEC6AA92850C}.Debug|Any CPU.Build.0 = Debug|Any CPU
		{DE3ADD43-A33E-4843-B9CA-CEC6AA92850C}.Release|Any CPU.ActiveCfg = Release|Any CPU
		{DE3ADD43-A33E-4843-B9CA-CEC6AA92850C}.Release|Any CPU.Build.0 = Release|Any CPU
		{6B258162-66B0-4D0F-BF41-77444E30E7B9}.Debug|Any CPU.ActiveCfg = Debug|Any CPU
		{6B258162-66B0-4D0F-BF41-77444E30E7B9}.Debug|Any CPU.Build.0 = Debug|Any CPU
		{6B258162-66B0-4D0F-BF41-77444E30E7B9}.Release|Any CPU.ActiveCfg = Release|Any CPU
		{6B258162-66B0-4D0F-BF41-77444E30E7B9}.Release|Any CPU.Build.0 = Release|Any CPU
		{4467F386-98D2-4CD3-B361-EC29F965D6F6}.Debug|Any CPU.ActiveCfg = Debug|Any CPU
		{4467F386-98D2-4CD3-B361-EC29F965D6F6}.Debug|Any CPU.Build.0 = Debug|Any CPU
		{4467F386-98D2-4CD3-B361-EC29F965D6F6}.Release|Any CPU.ActiveCfg = Release|Any CPU
		{4467F386-98D2-4CD3-B361-EC29F965D6F6}.Release|Any CPU.Build.0 = Release|Any CPU
		{E088BA41-4B48-4148-9F29-0234B82059B6}.Debug|Any CPU.ActiveCfg = Debug|Any CPU
		{E088BA41-4B48-4148-9F29-0234B82059B6}.Debug|Any CPU.Build.0 = Debug|Any CPU
		{E088BA41-4B48-4148-9F29-0234B82059B6}.Release|Any CPU.ActiveCfg = Release|Any CPU
		{E088BA41-4B48-4148-9F29-0234B82059B6}.Release|Any CPU.Build.0 = Release|Any CPU
		{63106F7F-EE21-47F1-AD55-D657539AE117}.Debug|Any CPU.ActiveCfg = Debug|Any CPU
		{63106F7F-EE21-47F1-AD55-D657539AE117}.Debug|Any CPU.Build.0 = Debug|Any CPU
		{63106F7F-EE21-47F1-AD55-D657539AE117}.Release|Any CPU.ActiveCfg = Release|Any CPU
		{63106F7F-EE21-47F1-AD55-D657539AE117}.Release|Any CPU.Build.0 = Release|Any CPU
		{7B76FCF1-0CF9-4732-BF5C-23FDA83E783C}.Debug|Any CPU.ActiveCfg = Debug|Any CPU
		{7B76FCF1-0CF9-4732-BF5C-23FDA83E783C}.Debug|Any CPU.Build.0 = Debug|Any CPU
		{7B76FCF1-0CF9-4732-BF5C-23FDA83E783C}.Release|Any CPU.ActiveCfg = Release|Any CPU
		{7B76FCF1-0CF9-4732-BF5C-23FDA83E783C}.Release|Any CPU.Build.0 = Release|Any CPU
		{194CC676-B8C5-491E-A3B4-27E4C8A3A527}.Debug|Any CPU.ActiveCfg = Debug|Any CPU
		{194CC676-B8C5-491E-A3B4-27E4C8A3A527}.Debug|Any CPU.Build.0 = Debug|Any CPU
		{194CC676-B8C5-491E-A3B4-27E4C8A3A527}.Release|Any CPU.ActiveCfg = Release|Any CPU
		{194CC676-B8C5-491E-A3B4-27E4C8A3A527}.Release|Any CPU.Build.0 = Release|Any CPU
		{3CD4C709-C52D-4B61-B4A1-5D5E2C6F618B}.Debug|Any CPU.ActiveCfg = Debug|Any CPU
		{3CD4C709-C52D-4B61-B4A1-5D5E2C6F618B}.Debug|Any CPU.Build.0 = Debug|Any CPU
		{3CD4C709-C52D-4B61-B4A1-5D5E2C6F618B}.Release|Any CPU.ActiveCfg = Release|Any CPU
		{3CD4C709-C52D-4B61-B4A1-5D5E2C6F618B}.Release|Any CPU.Build.0 = Release|Any CPU
		{7EB7ACDC-66B3-4300-B6D6-303AE39F0870}.Debug|Any CPU.ActiveCfg = Debug|Any CPU
		{7EB7ACDC-66B3-4300-B6D6-303AE39F0870}.Debug|Any CPU.Build.0 = Debug|Any CPU
		{7EB7ACDC-66B3-4300-B6D6-303AE39F0870}.Release|Any CPU.ActiveCfg = Release|Any CPU
		{7EB7ACDC-66B3-4300-B6D6-303AE39F0870}.Release|Any CPU.Build.0 = Release|Any CPU
		{C043E37D-20EB-4996-9405-F310623C7633}.Debug|Any CPU.ActiveCfg = Debug|Any CPU
		{C043E37D-20EB-4996-9405-F310623C7633}.Debug|Any CPU.Build.0 = Debug|Any CPU
		{C043E37D-20EB-4996-9405-F310623C7633}.Release|Any CPU.ActiveCfg = Release|Any CPU
		{C043E37D-20EB-4996-9405-F310623C7633}.Release|Any CPU.Build.0 = Release|Any CPU
		{16F59559-FA1D-4DB1-9544-D54FE6775C4F}.Debug|Any CPU.ActiveCfg = Debug|Any CPU
		{16F59559-FA1D-4DB1-9544-D54FE6775C4F}.Debug|Any CPU.Build.0 = Debug|Any CPU
		{16F59559-FA1D-4DB1-9544-D54FE6775C4F}.Release|Any CPU.ActiveCfg = Release|Any CPU
		{16F59559-FA1D-4DB1-9544-D54FE6775C4F}.Release|Any CPU.Build.0 = Release|Any CPU
		{E61D8175-EB1E-4307-A08E-6EBC2DC1A06E}.Debug|Any CPU.ActiveCfg = Debug|Any CPU
		{E61D8175-EB1E-4307-A08E-6EBC2DC1A06E}.Debug|Any CPU.Build.0 = Debug|Any CPU
		{E61D8175-EB1E-4307-A08E-6EBC2DC1A06E}.Release|Any CPU.ActiveCfg = Release|Any CPU
		{E61D8175-EB1E-4307-A08E-6EBC2DC1A06E}.Release|Any CPU.Build.0 = Release|Any CPU
		{D18D5274-399B-4711-B27B-BB321ABE2FA6}.Debug|Any CPU.ActiveCfg = Debug|Any CPU
		{D18D5274-399B-4711-B27B-BB321ABE2FA6}.Debug|Any CPU.Build.0 = Debug|Any CPU
		{D18D5274-399B-4711-B27B-BB321ABE2FA6}.Release|Any CPU.ActiveCfg = Release|Any CPU
		{D18D5274-399B-4711-B27B-BB321ABE2FA6}.Release|Any CPU.Build.0 = Release|Any CPU
		{CC541409-2C26-4D92-9EED-02E7A85B212C}.Debug|Any CPU.ActiveCfg = Debug|Any CPU
		{CC541409-2C26-4D92-9EED-02E7A85B212C}.Debug|Any CPU.Build.0 = Debug|Any CPU
		{CC541409-2C26-4D92-9EED-02E7A85B212C}.Release|Any CPU.ActiveCfg = Release|Any CPU
		{CC541409-2C26-4D92-9EED-02E7A85B212C}.Release|Any CPU.Build.0 = Release|Any CPU
		{14CF0248-3C52-4DA7-B339-8A1E3CAB0393}.Debug|Any CPU.ActiveCfg = Debug|Any CPU
		{14CF0248-3C52-4DA7-B339-8A1E3CAB0393}.Debug|Any CPU.Build.0 = Debug|Any CPU
		{14CF0248-3C52-4DA7-B339-8A1E3CAB0393}.Release|Any CPU.ActiveCfg = Release|Any CPU
		{14CF0248-3C52-4DA7-B339-8A1E3CAB0393}.Release|Any CPU.Build.0 = Release|Any CPU
	EndGlobalSection
	GlobalSection(SolutionProperties) = preSolution
		HideSolutionNode = FALSE
	EndGlobalSection
	GlobalSection(NestedProjects) = preSolution
		{188179B3-7FC2-43A7-92D2-52FC88653935} = {F6CD9328-7DC1-4AC3-948E-7E65D035AFDD}
		{FE138E7B-7A6A-4C6C-9843-F7549A0260C4} = {F6CD9328-7DC1-4AC3-948E-7E65D035AFDD}
		{F0DA38E0-45B4-4554-9139-1D602C055634} = {86AF554C-950B-40D0-9990-5C6D82FB1EA8}
		{BF147ED1-3518-4E72-966B-5C16FD913A4F} = {86AF554C-950B-40D0-9990-5C6D82FB1EA8}
		{3947A5A3-B724-437B-B7F1-1D9E8B70D90B} = {86AF554C-950B-40D0-9990-5C6D82FB1EA8}
		{7019C050-82BA-42FE-810A-AF6A38F40916} = {86AF554C-950B-40D0-9990-5C6D82FB1EA8}
		{DFA0EAC0-DC63-4535-8FE6-BB5353FEB9AE} = {86AF554C-950B-40D0-9990-5C6D82FB1EA8}
		{E8C0EB03-CF25-4E7D-B282-A2BB419E2F66} = {86AF554C-950B-40D0-9990-5C6D82FB1EA8}
		{BAA8F674-D49E-47AD-8BFF-101FDD4B575E} = {86AF554C-950B-40D0-9990-5C6D82FB1EA8}
		{83B0FFA3-9425-4218-9AA3-A2BFE9E29BC3} = {F2174CA9-0F8F-4007-8BE3-01455CAD244A}
		{D1D782FE-F7D8-44B3-99AE-9E51970442DD} = {F2174CA9-0F8F-4007-8BE3-01455CAD244A}
		{3666AA2C-72E8-41D8-AC50-AF80A4E505C9} = {F2174CA9-0F8F-4007-8BE3-01455CAD244A}
		{93A67062-7A81-4319-8A94-8FB2C35B4EF7} = {F2174CA9-0F8F-4007-8BE3-01455CAD244A}
		{4A8684C8-9F94-4496-9A2B-A9142268731D} = {F2174CA9-0F8F-4007-8BE3-01455CAD244A}
		{2EC9405D-1228-4AC9-9A2F-83F5C697C258} = {B9D64D74-E05A-4C89-AD7D-B6BBC49730D9}
		{7706C1B2-4453-4CF9-9192-BA3806B76223} = {B9D64D74-E05A-4C89-AD7D-B6BBC49730D9}
		{DAD71267-BACD-4CF3-88B2-2812956950EB} = {B9D64D74-E05A-4C89-AD7D-B6BBC49730D9}
		{2CBBF786-1A7E-4F5E-ADBF-28324AB2F0CC} = {B9D64D74-E05A-4C89-AD7D-B6BBC49730D9}
		{B472517F-19A7-432D-9A97-2F3E42CFD473} = {B9D64D74-E05A-4C89-AD7D-B6BBC49730D9}
		{56AAB308-1311-41B7-93D9-4239096EBE0E} = {B9D64D74-E05A-4C89-AD7D-B6BBC49730D9}
		{FE10B995-1B00-4EF9-9043-C9CDA6FE4BC3} = {B9D64D74-E05A-4C89-AD7D-B6BBC49730D9}
		{6FAB515C-CCCE-4C24-A0B4-45B895821F9C} = {B9D64D74-E05A-4C89-AD7D-B6BBC49730D9}
		{8F3722B8-A9A5-40B5-8957-D0CD8881F5BF} = {DD9EA523-3F4B-4D2C-B3D8-C00A106F1B16}
		{F463CAEE-0406-4EA5-982A-4075848D106A} = {DD9EA523-3F4B-4D2C-B3D8-C00A106F1B16}
		{B68000B9-80B0-4915-83FA-F4D466449F67} = {CD252D0E-EB16-451F-B2B5-85E01E02D345}
		{FC5FCB53-E324-4C95-BD9D-C990A4345575} = {CD252D0E-EB16-451F-B2B5-85E01E02D345}
		{434C2644-256E-4A0E-A439-79BB664DF6F9} = {26B7B6C9-D32C-4F3D-8430-4DDE578E85BC}
		{5818EAD2-EA9E-4D46-AAAF-229680DD1247} = {26B7B6C9-D32C-4F3D-8430-4DDE578E85BC}
		{A1C7CEE5-AAE1-4CCB-9438-8B673747CF68} = {719717E1-2A19-4F64-8399-8A65496972F3}
		{1D2080CE-9630-489C-ACD3-DAE2E51918B8} = {719717E1-2A19-4F64-8399-8A65496972F3}
		{181FCBB3-E991-4253-BE83-E067FAD1AD85} = {719717E1-2A19-4F64-8399-8A65496972F3}
		{E4706E3B-FDE9-4E28-B95E-5803ACA76F77} = {679697AE-502D-4BE1-9FE8-656437152B6A}
		{89D9AA73-089E-4C6B-A07C-ADCCFFC84D72} = {679697AE-502D-4BE1-9FE8-656437152B6A}
		{E568B3B6-EF14-4BD6-97B6-454C4EFBCE9C} = {679697AE-502D-4BE1-9FE8-656437152B6A}
		{DE3ADD43-A33E-4843-B9CA-CEC6AA92850C} = {679697AE-502D-4BE1-9FE8-656437152B6A}
		{6B258162-66B0-4D0F-BF41-77444E30E7B9} = {679697AE-502D-4BE1-9FE8-656437152B6A}
		{4467F386-98D2-4CD3-B361-EC29F965D6F6} = {679697AE-502D-4BE1-9FE8-656437152B6A}
		{E088BA41-4B48-4148-9F29-0234B82059B6} = {679697AE-502D-4BE1-9FE8-656437152B6A}
		{63106F7F-EE21-47F1-AD55-D657539AE117} = {658E5DCD-46D2-491C-A0DA-D8A95B01FA2D}
		{7B76FCF1-0CF9-4732-BF5C-23FDA83E783C} = {F9D1E659-D80E-4774-A9E4-6514441F0C49}
		{194CC676-B8C5-491E-A3B4-27E4C8A3A527} = {F9D1E659-D80E-4774-A9E4-6514441F0C49}
		{3CD4C709-C52D-4B61-B4A1-5D5E2C6F618B} = {F9D1E659-D80E-4774-A9E4-6514441F0C49}
		{7EB7ACDC-66B3-4300-B6D6-303AE39F0870} = {F9D1E659-D80E-4774-A9E4-6514441F0C49}
		{C043E37D-20EB-4996-9405-F310623C7633} = {B5895C79-90DC-4F23-B8F5-C9EC95A95ECC}
		{16F59559-FA1D-4DB1-9544-D54FE6775C4F} = {8DA7CA33-320C-41BA-9A31-21D6E2F0C623}
		{E61D8175-EB1E-4307-A08E-6EBC2DC1A06E} = {AA1FB096-A00C-4F8F-93C5-CDC457A5A480}
		{D18D5274-399B-4711-B27B-BB321ABE2FA6} = {AA1FB096-A00C-4F8F-93C5-CDC457A5A480}
		{CC541409-2C26-4D92-9EED-02E7A85B212C} = {AA1FB096-A00C-4F8F-93C5-CDC457A5A480}
		{14CF0248-3C52-4DA7-B339-8A1E3CAB0393} = {AE7082CA-6807-48D4-9892-6CC4439B25E5}
	EndGlobalSection
EndGlobal
